
Microsoft Visual Studio Solution File, Format Version 12.00
# Visual Studio Version 17
VisualStudioVersion = 17.14.36203.30 d17.14
MinimumVisualStudioVersion = 10.0.40219.1
Project("{FAE04EC0-301F-11D3-BF4B-00C04F79EFBC}") = "MauiApp3", "MauiApp3\MauiApp3.csproj", "{A63A995F-236F-4E52-906A-0D96E661549B}"
EndProject
Global
	GlobalSection(SolutionConfigurationPlatforms) = preSolution
		Debug|Any CPU = Debug|Any CPU
		Release|Any CPU = Release|Any CPU
	EndGlobalSection
	GlobalSection(ProjectConfigurationPlatforms) = postSolution
		{A63A995F-236F-4E52-906A-0D96E661549B}.Debug|Any CPU.ActiveCfg = Debug|Any CPU
		{A63A995F-236F-4E52-906A-0D96E661549B}.Debug|Any CPU.Build.0 = Debug|Any CPU
		{A63A995F-236F-4E52-906A-0D96E661549B}.Release|Any CPU.ActiveCfg = Release|Any CPU
		{A63A995F-236F-4E52-906A-0D96E661549B}.Release|Any CPU.Build.0 = Release|Any CPU
	EndGlobalSection
	GlobalSection(SolutionProperties) = preSolution
		HideSolutionNode = FALSE
	EndGlobalSection
	GlobalSection(ExtensibilityGlobals) = postSolution
		SolutionGuid = {464A086B-3CDB-4B7C-98FE-C82AB10FDE46}
	EndGlobalSection
EndGlobal
