
Microsoft Visual Studio Solution File, Format Version 12.00
# Visual Studio Version 17
VisualStudioVersion = 17.14.36203.30 d17.14
MinimumVisualStudioVersion = 10.0.40219.1
Project("{FAE04EC0-301F-11D3-BF4B-00C04F79EFBC}") = "MauiApp1", "MauiApp1\MauiApp1.csproj", "{8A8793E5-040F-49DE-8C69-22A6BAC75617}"
EndProject
Global
	GlobalSection(SolutionConfigurationPlatforms) = preSolution
		Debug|Any CPU = Debug|Any CPU
		Release|Any CPU = Release|Any CPU
	EndGlobalSection
	GlobalSection(ProjectConfigurationPlatforms) = postSolution
		{8A8793E5-040F-49DE-8C69-22A6BAC75617}.Debug|Any CPU.ActiveCfg = Debug|Any CPU
		{8A8793E5-040F-49DE-8C69-22A6BAC75617}.Debug|Any CPU.Build.0 = Debug|Any CPU
		{8A8793E5-040F-49DE-8C69-22A6BAC75617}.Release|Any CPU.ActiveCfg = Release|Any CPU
		{8A8793E5-040F-49DE-8C69-22A6BAC75617}.Release|Any CPU.Build.0 = Release|Any CPU
	EndGlobalSection
	GlobalSection(SolutionProperties) = preSolution
		HideSolutionNode = FALSE
	EndGlobalSection
	GlobalSection(ExtensibilityGlobals) = postSolution
		SolutionGuid = {11F6C4D9-58EE-48E4-B1D3-19C8BCE4C3FA}
	EndGlobalSection
EndGlobal
